// !$*UTF8*$!
{
	archiveVersion = 1;
	classes = {
	};
	objectVersion = 56;
	objects = {

/* Begin PBXBuildFile section */
		ED8368DF296A2474004E9F80 /* RulesVCViewController.swift in Sources */ = {isa = PBXBuildFile; fileRef = ED8368DE296A2474004E9F80 /* RulesVCViewController.swift */; };
		ED8368E1296A2C7C004E9F80 /* Images.swift in Sources */ = {isa = PBXBuildFile; fileRef = ED8368E0296A2C7C004E9F80 /* Images.swift */; };
		ED9E44A02969D0D700EEA7D4 /* AppDelegate.swift in Sources */ = {isa = PBXBuildFile; fileRef = ED9E449F2969D0D700EEA7D4 /* AppDelegate.swift */; };
		ED9E44A22969D0D700EEA7D4 /* SceneDelegate.swift in Sources */ = {isa = PBXBuildFile; fileRef = ED9E44A12969D0D700EEA7D4 /* SceneDelegate.swift */; };
		ED9E44A92969D0DA00EEA7D4 /* Assets.xcassets in Resources */ = {isa = PBXBuildFile; fileRef = ED9E44A82969D0DA00EEA7D4 /* Assets.xcassets */; };
		ED9E44AC2969D0DA00EEA7D4 /* LaunchScreen.storyboard in Resources */ = {isa = PBXBuildFile; fileRef = ED9E44AA2969D0DA00EEA7D4 /* LaunchScreen.storyboard */; };
		ED9E44B42969D8A600EEA7D4 /* CardSelectionViewController.swift in Sources */ = {isa = PBXBuildFile; fileRef = ED9E44B32969D8A600EEA7D4 /* CardSelectionViewController.swift */; };
		ED9E44B62969EDCD00EEA7D4 /* CWButton.swift in Sources */ = {isa = PBXBuildFile; fileRef = ED9E44B52969EDCD00EEA7D4 /* CWButton.swift */; };
/* End PBXBuildFile section */

/* Begin PBXFileReference section */
		ED8368DE296A2474004E9F80 /* RulesVCViewController.swift */ = {isa = PBXFileReference; lastKnownFileType = sourcecode.swift; path = RulesVCViewController.swift; sourceTree = "<group>"; };
		ED8368E0296A2C7C004E9F80 /* Images.swift */ = {isa = PBXFileReference; lastKnownFileType = sourcecode.swift; path = Images.swift; sourceTree = "<group>"; };
		ED9E449C2969D0D700EEA7D4 /* WorkoutCardProgrammaticUI.app */ = {isa = PBXFileReference; explicitFileType = wrapper.application; includeInIndex = 0; path = WorkoutCardProgrammaticUI.app; sourceTree = BUILT_PRODUCTS_DIR; };
		ED9E449F2969D0D700EEA7D4 /* AppDelegate.swift */ = {isa = PBXFileReference; lastKnownFileType = sourcecode.swift; path = AppDelegate.swift; sourceTree = "<group>"; };
		ED9E44A12969D0D700EEA7D4 /* SceneDelegate.swift */ = {isa = PBXFileReference; lastKnownFileType = sourcecode.swift; path = SceneDelegate.swift; sourceTree = "<group>"; };
		ED9E44A82969D0DA00EEA7D4 /* Assets.xcassets */ = {isa = PBXFileReference; lastKnownFileType = folder.assetcatalog; path = Assets.xcassets; sourceTree = "<group>"; };
		ED9E44AB2969D0DA00EEA7D4 /* Base */ = {isa = PBXFileReference; lastKnownFileType = file.storyboard; name = Base; path = Base.lproj/LaunchScreen.storyboard; sourceTree = "<group>"; };
		ED9E44AD2969D0DA00EEA7D4 /* Info.plist */ = {isa = PBXFileReference; lastKnownFileType = text.plist.xml; path = Info.plist; sourceTree = "<group>"; };
		ED9E44B32969D8A600EEA7D4 /* CardSelectionViewController.swift */ = {isa = PBXFileReference; lastKnownFileType = sourcecode.swift; path = CardSelectionViewController.swift; sourceTree = "<group>"; };
		ED9E44B52969EDCD00EEA7D4 /* CWButton.swift */ = {isa = PBXFileReference; lastKnownFileType = sourcecode.swift; path = CWButton.swift; sourceTree = "<group>"; };
/* End PBXFileReference section */

/* Begin PBXFrameworksBuildPhase section */
		ED9E44992969D0D700EEA7D4 /* Frameworks */ = {
			isa = PBXFrameworksBuildPhase;
			buildActionMask = 2147483647;
			files = (
			);
			runOnlyForDeploymentPostprocessing = 0;
		};
/* End PBXFrameworksBuildPhase section */

/* Begin PBXGroup section */
		ED8368E2296A33FA004E9F80 /* Services */ = {
			isa = PBXGroup;
			children = (
				ED9E449F2969D0D700EEA7D4 /* AppDelegate.swift */,
				ED9E44A12969D0D700EEA7D4 /* SceneDelegate.swift */,
			);
			path = Services;
			sourceTree = "<group>";
		};
		ED8368E3296A3403004E9F80 /* Controllers */ = {
			isa = PBXGroup;
			children = (
				ED9E44B32969D8A600EEA7D4 /* CardSelectionViewController.swift */,
				ED8368DE296A2474004E9F80 /* RulesVCViewController.swift */,
			);
			path = Controllers;
			sourceTree = "<group>";
		};
		ED8368E4296A340B004E9F80 /* Models */ = {
			isa = PBXGroup;
			children = (
				ED8368E0296A2C7C004E9F80 /* Images.swift */,
			);
			path = Models;
			sourceTree = "<group>";
		};
		ED8368E5296A3415004E9F80 /* View */ = {
			isa = PBXGroup;
			children = (
				ED9E44A82969D0DA00EEA7D4 /* Assets.xcassets */,
				ED9E44B52969EDCD00EEA7D4 /* CWButton.swift */,
				ED9E44AA2969D0DA00EEA7D4 /* LaunchScreen.storyboard */,
			);
			path = View;
			sourceTree = "<group>";
		};
		ED9E44932969D0D700EEA7D4 = {
			isa = PBXGroup;
			children = (
				ED9E449E2969D0D700EEA7D4 /* WorkoutCardProgrammaticUI */,
				ED9E449D2969D0D700EEA7D4 /* Products */,
			);
			sourceTree = "<group>";
		};
		ED9E449D2969D0D700EEA7D4 /* Products */ = {
			isa = PBXGroup;
			children = (
				ED9E449C2969D0D700EEA7D4 /* WorkoutCardProgrammaticUI.app */,
			);
			name = Products;
			sourceTree = "<group>";
		};
		ED9E449E2969D0D700EEA7D4 /* WorkoutCardProgrammaticUI */ = {
			isa = PBXGroup;
			children = (
				ED8368E2296A33FA004E9F80 /* Services */,
				ED8368E3296A3403004E9F80 /* Controllers */,
				ED8368E4296A340B004E9F80 /* Models */,
				ED8368E5296A3415004E9F80 /* View */,
				ED9E44AD2969D0DA00EEA7D4 /* Info.plist */,
			);
			path = WorkoutCardProgrammaticUI;
			sourceTree = "<group>";
		};
/* End PBXGroup section */

/* Begin PBXNativeTarget section */
		ED9E449B2969D0D700EEA7D4 /* WorkoutCardProgrammaticUI */ = {
			isa = PBXNativeTarget;
			buildConfigurationList = ED9E44B02969D0DA00EEA7D4 /* Build configuration list for PBXNativeTarget "WorkoutCardProgrammaticUI" */;
			buildPhases = (
				ED9E44982969D0D700EEA7D4 /* Sources */,
				ED9E44992969D0D700EEA7D4 /* Frameworks */,
				ED9E449A2969D0D700EEA7D4 /* Resources */,
			);
			buildRules = (
			);
			dependencies = (
			);
			name = WorkoutCardProgrammaticUI;
			productName = WorkoutCardProgrammaticUI;
			productReference = ED9E449C2969D0D700EEA7D4 /* WorkoutCardProgrammaticUI.app */;
			productType = "com.apple.product-type.application";
		};
/* End PBXNativeTarget section */

/* Begin PBXProject section */
		ED9E44942969D0D700EEA7D4 /* Project object */ = {
			isa = PBXProject;
			attributes = {
				BuildIndependentTargetsInParallel = 1;
				LastSwiftUpdateCheck = 1410;
				LastUpgradeCheck = 1410;
				TargetAttributes = {
					ED9E449B2969D0D700EEA7D4 = {
						CreatedOnToolsVersion = 14.1;
					};
				};
			};
			buildConfigurationList = ED9E44972969D0D700EEA7D4 /* Build configuration list for PBXProject "WorkoutCardProgrammaticUI" */;
			compatibilityVersion = "Xcode 14.0";
			developmentRegion = en;
			hasScannedForEncodings = 0;
			knownRegions = (
				en,
				Base,
			);
			mainGroup = ED9E44932969D0D700EEA7D4;
			productRefGroup = ED9E449D2969D0D700EEA7D4 /* Products */;
			projectDirPath = "";
			projectRoot = "";
			targets = (
				ED9E449B2969D0D700EEA7D4 /* WorkoutCardProgrammaticUI */,
			);
		};
/* End PBXProject section */

/* Begin PBXResourcesBuildPhase section */
		ED9E449A2969D0D700EEA7D4 /* Resources */ = {
			isa = PBXResourcesBuildPhase;
			buildActionMask = 2147483647;
			files = (
				ED9E44AC2969D0DA00EEA7D4 /* LaunchScreen.storyboard in Resources */,
				ED9E44A92969D0DA00EEA7D4 /* Assets.xcassets in Resources */,
			);
			runOnlyForDeploymentPostprocessing = 0;
		};
/* End PBXResourcesBuildPhase section */

/* Begin PBXSourcesBuildPhase section */
		ED9E44982969D0D700EEA7D4 /* Sources */ = {
			isa = PBXSourcesBuildPhase;
			buildActionMask = 2147483647;
			files = (
				ED9E44A02969D0D700EEA7D4 /* AppDelegate.swift in Sources */,
				ED8368E1296A2C7C004E9F80 /* Images.swift in Sources */,
				ED9E44A22969D0D700EEA7D4 /* SceneDelegate.swift in Sources */,
				ED9E44B42969D8A600EEA7D4 /* CardSelectionViewController.swift in Sources */,
				ED8368DF296A2474004E9F80 /* RulesVCViewController.swift in Sources */,
				ED9E44B62969EDCD00EEA7D4 /* CWButton.swift in Sources */,
			);
			runOnlyForDeploymentPostprocessing = 0;
		};
/* End PBXSourcesBuildPhase section */

/* Begin PBXVariantGroup section */
		ED9E44AA2969D0DA00EEA7D4 /* LaunchScreen.storyboard */ = {
			isa = PBXVariantGroup;
			children = (
				ED9E44AB2969D0DA00EEA7D4 /* Base */,
			);
			name = LaunchScreen.storyboard;
			sourceTree = "<group>";
		};
/* End PBXVariantGroup section */

/* Begin XCBuildConfiguration section */
		ED9E44AE2969D0DA00EEA7D4 /* Debug */ = {
			isa = XCBuildConfiguration;
			buildSettings = {
				ALWAYS_SEARCH_USER_PATHS = NO;
				CLANG_ANALYZER_NONNULL = YES;
				CLANG_ANALYZER_NUMBER_OBJECT_CONVERSION = YES_AGGRESSIVE;
				CLANG_CXX_LANGUAGE_STANDARD = "gnu++20";
				CLANG_ENABLE_MODULES = YES;
				CLANG_ENABLE_OBJC_ARC = YES;
				CLANG_ENABLE_OBJC_WEAK = YES;
				CLANG_WARN_BLOCK_CAPTURE_AUTORELEASING = YES;
				CLANG_WARN_BOOL_CONVERSION = YES;
				CLANG_WARN_COMMA = YES;
				CLANG_WARN_CONSTANT_CONVERSION = YES;
				CLANG_WARN_DEPRECATED_OBJC_IMPLEMENTATIONS = YES;
				CLANG_WARN_DIRECT_OBJC_ISA_USAGE = YES_ERROR;
				CLANG_WARN_DOCUMENTATION_COMMENTS = YES;
				CLANG_WARN_EMPTY_BODY = YES;
				CLANG_WARN_ENUM_CONVERSION = YES;
				CLANG_WARN_INFINITE_RECURSION = YES;
				CLANG_WARN_INT_CONVERSION = YES;
				CLANG_WARN_NON_LITERAL_NULL_CONVERSION = YES;
				CLANG_WARN_OBJC_IMPLICIT_RETAIN_SELF = YES;
				CLANG_WARN_OBJC_LITERAL_CONVERSION = YES;
				CLANG_WARN_OBJC_ROOT_CLASS = YES_ERROR;
				CLANG_WARN_QUOTED_INCLUDE_IN_FRAMEWORK_HEADER = YES;
				CLANG_WARN_RANGE_LOOP_ANALYSIS = YES;
				CLANG_WARN_STRICT_PROTOTYPES = YES;
				CLANG_WARN_SUSPICIOUS_MOVE = YES;
				CLANG_WARN_UNGUARDED_AVAILABILITY = YES_AGGRESSIVE;
				CLANG_WARN_UNREACHABLE_CODE = YES;
				CLANG_WARN__DUPLICATE_METHOD_MATCH = YES;
				COPY_PHASE_STRIP = NO;
				DEBUG_INFORMATION_FORMAT = dwarf;
				ENABLE_STRICT_OBJC_MSGSEND = YES;
				ENABLE_TESTABILITY = YES;
				GCC_C_LANGUAGE_STANDARD = gnu11;
				GCC_DYNAMIC_NO_PIC = NO;
				GCC_NO_COMMON_BLOCKS = YES;
				GCC_OPTIMIZATION_LEVEL = 0;
				GCC_PREPROCESSOR_DEFINITIONS = (
					"DEBUG=1",
					"$(inherited)",
				);
				GCC_WARN_64_TO_32_BIT_CONVERSION = YES;
				GCC_WARN_ABOUT_RETURN_TYPE = YES_ERROR;
				GCC_WARN_UNDECLARED_SELECTOR = YES;
				GCC_WARN_UNINITIALIZED_AUTOS = YES_AGGRESSIVE;
				GCC_WARN_UNUSED_FUNCTION = YES;
				GCC_WARN_UNUSED_VARIABLE = YES;
				IPHONEOS_DEPLOYMENT_TARGET = 16.1;
				MTL_ENABLE_DEBUG_INFO = INCLUDE_SOURCE;
				MTL_FAST_MATH = YES;
				ONLY_ACTIVE_ARCH = YES;
				SDKROOT = iphoneos;
				SWIFT_ACTIVE_COMPILATION_CONDITIONS = DEBUG;
				SWIFT_OPTIMIZATION_LEVEL = "-Onone";
			};
			name = Debug;
		};
		ED9E44AF2969D0DA00EEA7D4 /* Release */ = {
			isa = XCBuildConfiguration;
			buildSettings = {
				ALWAYS_SEARCH_USER_PATHS = NO;
				CLANG_ANALYZER_NONNULL = YES;
				CLANG_ANALYZER_NUMBER_OBJECT_CONVERSION = YES_AGGRESSIVE;
				CLANG_CXX_LANGUAGE_STANDARD = "gnu++20";
				CLANG_ENABLE_MODULES = YES;
				CLANG_ENABLE_OBJC_ARC = YES;
				CLANG_ENABLE_OBJC_WEAK = YES;
				CLANG_WARN_BLOCK_CAPTURE_AUTORELEASING = YES;
				CLANG_WARN_BOOL_CONVERSION = YES;
				CLANG_WARN_COMMA = YES;
				CLANG_WARN_CONSTANT_CONVERSION = YES;
				CLANG_WARN_DEPRECATED_OBJC_IMPLEMENTATIONS = YES;
				CLANG_WARN_DIRECT_OBJC_ISA_USAGE = YES_ERROR;
				CLANG_WARN_DOCUMENTATION_COMMENTS = YES;
				CLANG_WARN_EMPTY_BODY = YES;
				CLANG_WARN_ENUM_CONVERSION = YES;
				CLANG_WARN_INFINITE_RECURSION = YES;
				CLANG_WARN_INT_CONVERSION = YES;
				CLANG_WARN_NON_LITERAL_NULL_CONVERSION = YES;
				CLANG_WARN_OBJC_IMPLICIT_RETAIN_SELF = YES;
				CLANG_WARN_OBJC_LITERAL_CONVERSION = YES;
				CLANG_WARN_OBJC_ROOT_CLASS = YES_ERROR;
				CLANG_WARN_QUOTED_INCLUDE_IN_FRAMEWORK_HEADER = YES;
				CLANG_WARN_RANGE_LOOP_ANALYSIS = YES;
				CLANG_WARN_STRICT_PROTOTYPES = YES;
				CLANG_WARN_SUSPICIOUS_MOVE = YES;
				CLANG_WARN_UNGUARDED_AVAILABILITY = YES_AGGRESSIVE;
				CLANG_WARN_UNREACHABLE_CODE = YES;
				CLANG_WARN__DUPLICATE_METHOD_MATCH = YES;
				COPY_PHASE_STRIP = NO;
				DEBUG_INFORMATION_FORMAT = "dwarf-with-dsym";
				ENABLE_NS_ASSERTIONS = NO;
				ENABLE_STRICT_OBJC_MSGSEND = YES;
				GCC_C_LANGUAGE_STANDARD = gnu11;
				GCC_NO_COMMON_BLOCKS = YES;
				GCC_WARN_64_TO_32_BIT_CONVERSION = YES;
				GCC_WARN_ABOUT_RETURN_TYPE = YES_ERROR;
				GCC_WARN_UNDECLARED_SELECTOR = YES;
				GCC_WARN_UNINITIALIZED_AUTOS = YES_AGGRESSIVE;
				GCC_WARN_UNUSED_FUNCTION = YES;
				GCC_WARN_UNUSED_VARIABLE = YES;
				IPHONEOS_DEPLOYMENT_TARGET = 16.1;
				MTL_ENABLE_DEBUG_INFO = NO;
				MTL_FAST_MATH = YES;
				SDKROOT = iphoneos;
				SWIFT_COMPILATION_MODE = wholemodule;
				SWIFT_OPTIMIZATION_LEVEL = "-O";
				VALIDATE_PRODUCT = YES;
			};
			name = Release;
		};
		ED9E44B12969D0DA00EEA7D4 /* Debug */ = {
			isa = XCBuildConfiguration;
			buildSettings = {
				ASSETCATALOG_COMPILER_APPICON_NAME = AppIcon;
				ASSETCATALOG_COMPILER_GLOBAL_ACCENT_COLOR_NAME = AccentColor;
				CODE_SIGN_STYLE = Automatic;
				CURRENT_PROJECT_VERSION = 1;
				DEVELOPMENT_TEAM = 34R52V7T3Z;
				GENERATE_INFOPLIST_FILE = YES;
				INFOPLIST_FILE = WorkoutCardProgrammaticUI/Info.plist;
				INFOPLIST_KEY_UIApplicationSupportsIndirectInputEvents = YES;
				INFOPLIST_KEY_UILaunchStoryboardName = LaunchScreen;
				INFOPLIST_KEY_UIMainStoryboardFile = "";
				INFOPLIST_KEY_UIRequiresFullScreen = NO;
				INFOPLIST_KEY_UIStatusBarStyle = "";
				INFOPLIST_KEY_UISupportedInterfaceOrientations = UIInterfaceOrientationPortrait;
				LD_RUNPATH_SEARCH_PATHS = (
					"$(inherited)",
					"@executable_path/Frameworks",
				);
				MARKETING_VERSION = 1.0;
				PRODUCT_BUNDLE_IDENTIFIER = com.mahmutsenbek.WorkoutCardProgrammaticUI;
				PRODUCT_NAME = "$(TARGET_NAME)";
				SWIFT_EMIT_LOC_STRINGS = YES;
				SWIFT_VERSION = 5.0;
				TARGETED_DEVICE_FAMILY = "1,2";
			};
			name = Debug;
		};
		ED9E44B22969D0DA00EEA7D4 /* Release */ = {
			isa = XCBuildConfiguration;
			buildSettings = {
				ASSETCATALOG_COMPILER_APPICON_NAME = AppIcon;
				ASSETCATALOG_COMPILER_GLOBAL_ACCENT_COLOR_NAME = AccentColor;
				CODE_SIGN_STYLE = Automatic;
				CURRENT_PROJECT_VERSION = 1;
				DEVELOPMENT_TEAM = 34R52V7T3Z;
				GENERATE_INFOPLIST_FILE = YES;
				INFOPLIST_FILE = WorkoutCardProgrammaticUI/Info.plist;
				INFOPLIST_KEY_UIApplicationSupportsIndirectInputEvents = YES;
				INFOPLIST_KEY_UILaunchStoryboardName = LaunchScreen;
				INFOPLIST_KEY_UIMainStoryboardFile = "";
				INFOPLIST_KEY_UIRequiresFullScreen = NO;
				INFOPLIST_KEY_UIStatusBarStyle = "";
				INFOPLIST_KEY_UISupportedInterfaceOrientations = UIInterfaceOrientationPortrait;
				LD_RUNPATH_SEARCH_PATHS = (
					"$(inherited)",
					"@executable_path/Frameworks",
				);
				MARKETING_VERSION = 1.0;
				PRODUCT_BUNDLE_IDENTIFIER = com.mahmutsenbek.WorkoutCardProgrammaticUI;
				PRODUCT_NAME = "$(TARGET_NAME)";
				SWIFT_EMIT_LOC_STRINGS = YES;
				SWIFT_VERSION = 5.0;
				TARGETED_DEVICE_FAMILY = "1,2";
			};
			name = Release;
		};
/* End XCBuildConfiguration section */

/* Begin XCConfigurationList section */
		ED9E44972969D0D700EEA7D4 /* Build configuration list for PBXProject "WorkoutCardProgrammaticUI" */ = {
			isa = XCConfigurationList;
			buildConfigurations = (
				ED9E44AE2969D0DA00EEA7D4 /* Debug */,
				ED9E44AF2969D0DA00EEA7D4 /* Release */,
			);
			defaultConfigurationIsVisible = 0;
			defaultConfigurationName = Release;
		};
		ED9E44B02969D0DA00EEA7D4 /* Build configuration list for PBXNativeTarget "WorkoutCardProgrammaticUI" */ = {
			isa = XCConfigurationList;
			buildConfigurations = (
				ED9E44B12969D0DA00EEA7D4 /* Debug */,
				ED9E44B22969D0DA00EEA7D4 /* Release */,
			);
			defaultConfigurationIsVisible = 0;
			defaultConfigurationName = Release;
		};
/* End XCConfigurationList section */
	};
	rootObject = ED9E44942969D0D700EEA7D4 /* Project object */;
}
